// !$*UTF8*$!
{
	archiveVersion = 1;
	classes = {
	};
	objectVersion = 46;
	objects = {

/* Begin PBXBuildFile section */
		842E56501BC91DF3000B876F /* main.m in Sources */ = {isa = PBXBuildFile; fileRef = 842E564F1BC91DF3000B876F /* main.m */; };
		842E56531BC91DF3000B876F /* AppDelegate.m in Sources */ = {isa = PBXBuildFile; fileRef = 842E56521BC91DF3000B876F /* AppDelegate.m */; };
		842E56561BC91DF3000B876F /* ViewController.m in Sources */ = {isa = PBXBuildFile; fileRef = 842E56551BC91DF3000B876F /* ViewController.m */; };
		842E565B1BC91DF3000B876F /* Assets.xcassets in Resources */ = {isa = PBXBuildFile; fileRef = 842E565A1BC91DF3000B876F /* Assets.xcassets */; };
		842E56671BC91EBE000B876F /* LaunchScreen.storyboard in Resources */ = {isa = PBXBuildFile; fileRef = 842E56651BC91EBE000B876F /* LaunchScreen.storyboard */; };
		842E56681BC91EBE000B876F /* Main.storyboard in Resources */ = {isa = PBXBuildFile; fileRef = 842E56661BC91EBE000B876F /* Main.storyboard */; };
		84F70CA91D13DBE0008216A8 /* CalcBrain.m in Sources */ = {isa = PBXBuildFile; fileRef = 84F70CA81D13DBE0008216A8 /* CalcBrain.m */; };
		84F70CAC1D13DD78008216A8 /* Stack.m in Sources */ = {isa = PBXBuildFile; fileRef = 84F70CAB1D13DD78008216A8 /* Stack.m */; };
		84F70CAF1D13DE06008216A8 /* CalcRPN.m in Sources */ = {isa = PBXBuildFile; fileRef = 84F70CAE1D13DE06008216A8 /* CalcRPN.m */; };
		84F82EFC1D2E8B630079030D /* ChartView.m in Sources */ = {isa = PBXBuildFile; fileRef = 84F82EFB1D2E8B630079030D /* ChartView.m */; };
		84F87F101D0F4069005A07C2 /* RPN.m in Sources */ = {isa = PBXBuildFile; fileRef = 84F87F0F1D0F4069005A07C2 /* RPN.m */; };
/* End PBXBuildFile section */

/* Begin PBXFileReference section */
		842E564B1BC91DF3000B876F /* Calculyator.app */ = {isa = PBXFileReference; explicitFileType = wrapper.application; includeInIndex = 0; path = Calculyator.app; sourceTree = BUILT_PRODUCTS_DIR; };
		842E564F1BC91DF3000B876F /* main.m */ = {isa = PBXFileReference; lastKnownFileType = sourcecode.c.objc; path = main.m; sourceTree = "<group>"; };
		842E56511BC91DF3000B876F /* AppDelegate.h */ = {isa = PBXFileReference; lastKnownFileType = sourcecode.c.h; path = AppDelegate.h; sourceTree = "<group>"; };
		842E56521BC91DF3000B876F /* AppDelegate.m */ = {isa = PBXFileReference; lastKnownFileType = sourcecode.c.objc; path = AppDelegate.m; sourceTree = "<group>"; };
		842E56541BC91DF3000B876F /* ViewController.h */ = {isa = PBXFileReference; lastKnownFileType = sourcecode.c.h; path = ViewController.h; sourceTree = "<group>"; };
		842E56551BC91DF3000B876F /* ViewController.m */ = {isa = PBXFileReference; lastKnownFileType = sourcecode.c.objc; path = ViewController.m; sourceTree = "<group>"; };
		842E565A1BC91DF3000B876F /* Assets.xcassets */ = {isa = PBXFileReference; lastKnownFileType = folder.assetcatalog; path = Assets.xcassets; sourceTree = "<group>"; };
		842E565F1BC91DF3000B876F /* Info.plist */ = {isa = PBXFileReference; lastKnownFileType = text.plist.xml; path = Info.plist; sourceTree = "<group>"; };
		842E56651BC91EBE000B876F /* LaunchScreen.storyboard */ = {isa = PBXFileReference; fileEncoding = 4; lastKnownFileType = file.storyboard; path = LaunchScreen.storyboard; sourceTree = "<group>"; };
		842E56661BC91EBE000B876F /* Main.storyboard */ = {isa = PBXFileReference; fileEncoding = 4; lastKnownFileType = file.storyboard; path = Main.storyboard; sourceTree = "<group>"; };
		84F70CA71D13DBE0008216A8 /* CalcBrain.h */ = {isa = PBXFileReference; fileEncoding = 4; lastKnownFileType = sourcecode.c.h; path = CalcBrain.h; sourceTree = "<group>"; };
		84F70CA81D13DBE0008216A8 /* CalcBrain.m */ = {isa = PBXFileReference; fileEncoding = 4; lastKnownFileType = sourcecode.c.objc; path = CalcBrain.m; sourceTree = "<group>"; };
		84F70CAA1D13DD78008216A8 /* Stack.h */ = {isa = PBXFileReference; fileEncoding = 4; lastKnownFileType = sourcecode.c.h; path = Stack.h; sourceTree = "<group>"; };
		84F70CAB1D13DD78008216A8 /* Stack.m */ = {isa = PBXFileReference; fileEncoding = 4; lastKnownFileType = sourcecode.c.objc; path = Stack.m; sourceTree = "<group>"; };
		84F70CAD1D13DE06008216A8 /* CalcRPN.h */ = {isa = PBXFileReference; fileEncoding = 4; lastKnownFileType = sourcecode.c.h; path = CalcRPN.h; sourceTree = "<group>"; };
		84F70CAE1D13DE06008216A8 /* CalcRPN.m */ = {isa = PBXFileReference; fileEncoding = 4; lastKnownFileType = sourcecode.c.objc; path = CalcRPN.m; sourceTree = "<group>"; };
		84F82EFA1D2E8AFF0079030D /* ChartView.h */ = {isa = PBXFileReference; lastKnownFileType = sourcecode.c.h; path = ChartView.h; sourceTree = "<group>"; };
		84F82EFB1D2E8B630079030D /* ChartView.m */ = {isa = PBXFileReference; fileEncoding = 4; lastKnownFileType = sourcecode.c.objc; path = ChartView.m; sourceTree = "<group>"; };
		84F87F0E1D0F4069005A07C2 /* RPN.h */ = {isa = PBXFileReference; fileEncoding = 4; lastKnownFileType = sourcecode.c.h; path = RPN.h; sourceTree = "<group>"; };
		84F87F0F1D0F4069005A07C2 /* RPN.m */ = {isa = PBXFileReference; fileEncoding = 4; lastKnownFileType = sourcecode.c.objc; path = RPN.m; sourceTree = "<group>"; };
/* End PBXFileReference section */

/* Begin PBXFrameworksBuildPhase section */
		842E56481BC91DF3000B876F /* Frameworks */ = {
			isa = PBXFrameworksBuildPhase;
			buildActionMask = 2147483647;
			files = (
			);
			runOnlyForDeploymentPostprocessing = 0;
		};
/* End PBXFrameworksBuildPhase section */

/* Begin PBXGroup section */
		842E56421BC91DF2000B876F = {
			isa = PBXGroup;
			children = (
				842E564D1BC91DF3000B876F /* Calculyator */,
				842E564C1BC91DF3000B876F /* Products */,
			);
			sourceTree = "<group>";
		};
		842E564C1BC91DF3000B876F /* Products */ = {
			isa = PBXGroup;
			children = (
				842E564B1BC91DF3000B876F /* Calculyator.app */,
			);
			name = Products;
			sourceTree = "<group>";
		};
		842E564D1BC91DF3000B876F /* Calculyator */ = {
			isa = PBXGroup;
			children = (
				84E1A5961BC963CF0006D4FF /* Model */,
				84E1A5951BC963AA0006D4FF /* Controllers */,
				842E56651BC91EBE000B876F /* LaunchScreen.storyboard */,
				842E56661BC91EBE000B876F /* Main.storyboard */,
				842E56511BC91DF3000B876F /* AppDelegate.h */,
				842E56521BC91DF3000B876F /* AppDelegate.m */,
				842E565A1BC91DF3000B876F /* Assets.xcassets */,
				842E565F1BC91DF3000B876F /* Info.plist */,
				842E564E1BC91DF3000B876F /* Supporting Files */,
			);
			path = Calculyator;
			sourceTree = "<group>";
		};
		842E564E1BC91DF3000B876F /* Supporting Files */ = {
			isa = PBXGroup;
			children = (
				842E564F1BC91DF3000B876F /* main.m */,
			);
			name = "Supporting Files";
			sourceTree = "<group>";
		};
		84E1A5951BC963AA0006D4FF /* Controllers */ = {
			isa = PBXGroup;
			children = (
				84F82EFA1D2E8AFF0079030D /* ChartView.h */,
				84F82EFB1D2E8B630079030D /* ChartView.m */,
				842E56541BC91DF3000B876F /* ViewController.h */,
				842E56551BC91DF3000B876F /* ViewController.m */,
			);
			name = Controllers;
			sourceTree = "<group>";
		};
		84E1A5961BC963CF0006D4FF /* Model */ = {
			isa = PBXGroup;
			children = (
				84F87F0E1D0F4069005A07C2 /* RPN.h */,
				84F87F0F1D0F4069005A07C2 /* RPN.m */,
				84F70CA71D13DBE0008216A8 /* CalcBrain.h */,
				84F70CA81D13DBE0008216A8 /* CalcBrain.m */,
				84F70CAD1D13DE06008216A8 /* CalcRPN.h */,
				84F70CAE1D13DE06008216A8 /* CalcRPN.m */,
				84F70CAA1D13DD78008216A8 /* Stack.h */,
				84F70CAB1D13DD78008216A8 /* Stack.m */,
			);
			name = Model;
			sourceTree = "<group>";
		};
/* End PBXGroup section */

/* Begin PBXNativeTarget section */
		842E564A1BC91DF3000B876F /* Calculyator */ = {
			isa = PBXNativeTarget;
			buildConfigurationList = 842E56621BC91DF3000B876F /* Build configuration list for PBXNativeTarget "Calculyator" */;
			buildPhases = (
				842E56471BC91DF3000B876F /* Sources */,
				842E56481BC91DF3000B876F /* Frameworks */,
				842E56491BC91DF3000B876F /* Resources */,
			);
			buildRules = (
			);
			dependencies = (
			);
			name = Calculyator;
			productName = Calculyator;
			productReference = 842E564B1BC91DF3000B876F /* Calculyator.app */;
			productType = "com.apple.product-type.application";
		};
/* End PBXNativeTarget section */

/* Begin PBXProject section */
		842E56431BC91DF2000B876F /* Project object */ = {
			isa = PBXProject;
			attributes = {
				LastUpgradeCheck = 0700;
				ORGANIZATIONNAME = Admin;
				TargetAttributes = {
					842E564A1BC91DF3000B876F = {
						CreatedOnToolsVersion = 7.0;
					};
				};
			};
			buildConfigurationList = 842E56461BC91DF2000B876F /* Build configuration list for PBXProject "Calculyator" */;
			compatibilityVersion = "Xcode 3.2";
			developmentRegion = English;
			hasScannedForEncodings = 0;
			knownRegions = (
				en,
				Base,
			);
			mainGroup = 842E56421BC91DF2000B876F;
			productRefGroup = 842E564C1BC91DF3000B876F /* Products */;
			projectDirPath = "";
			projectRoot = "";
			targets = (
				842E564A1BC91DF3000B876F /* Calculyator */,
			);
		};
/* End PBXProject section */

/* Begin PBXResourcesBuildPhase section */
		842E56491BC91DF3000B876F /* Resources */ = {
			isa = PBXResourcesBuildPhase;
			buildActionMask = 2147483647;
			files = (
				842E56681BC91EBE000B876F /* Main.storyboard in Resources */,
				842E565B1BC91DF3000B876F /* Assets.xcassets in Resources */,
				842E56671BC91EBE000B876F /* LaunchScreen.storyboard in Resources */,
			);
			runOnlyForDeploymentPostprocessing = 0;
		};
/* End PBXResourcesBuildPhase section */

/* Begin PBXSourcesBuildPhase section */
		842E56471BC91DF3000B876F /* Sources */ = {
			isa = PBXSourcesBuildPhase;
			buildActionMask = 2147483647;
			files = (
				84F70CAC1D13DD78008216A8 /* Stack.m in Sources */,
				84F87F101D0F4069005A07C2 /* RPN.m in Sources */,
				842E56561BC91DF3000B876F /* ViewController.m in Sources */,
				84F82EFC1D2E8B630079030D /* ChartView.m in Sources */,
				84F70CAF1D13DE06008216A8 /* CalcRPN.m in Sources */,
				84F70CA91D13DBE0008216A8 /* CalcBrain.m in Sources */,
				842E56531BC91DF3000B876F /* AppDelegate.m in Sources */,
				842E56501BC91DF3000B876F /* main.m in Sources */,
			);
			runOnlyForDeploymentPostprocessing = 0;
		};
/* End PBXSourcesBuildPhase section */

/* Begin XCBuildConfiguration section */
		842E56601BC91DF3000B876F /* Debug */ = {
			isa = XCBuildConfiguration;
			buildSettings = {
				ALWAYS_SEARCH_USER_PATHS = NO;
				CLANG_CXX_LANGUAGE_STANDARD = "gnu++0x";
				CLANG_CXX_LIBRARY = "libc++";
				CLANG_ENABLE_MODULES = YES;
				CLANG_ENABLE_OBJC_ARC = YES;
				CLANG_WARN_BOOL_CONVERSION = YES;
				CLANG_WARN_CONSTANT_CONVERSION = YES;
				CLANG_WARN_DIRECT_OBJC_ISA_USAGE = YES_ERROR;
				CLANG_WARN_EMPTY_BODY = YES;
				CLANG_WARN_ENUM_CONVERSION = YES;
				CLANG_WARN_INT_CONVERSION = YES;
				CLANG_WARN_OBJC_ROOT_CLASS = YES_ERROR;
				CLANG_WARN_UNREACHABLE_CODE = YES;
				CLANG_WARN__DUPLICATE_METHOD_MATCH = YES;
				"CODE_SIGN_IDENTITY[sdk=iphoneos*]" = "iPhone Developer";
				COPY_PHASE_STRIP = NO;
				DEBUG_INFORMATION_FORMAT = dwarf;
				ENABLE_STRICT_OBJC_MSGSEND = YES;
				ENABLE_TESTABILITY = YES;
				GCC_C_LANGUAGE_STANDARD = gnu99;
				GCC_DYNAMIC_NO_PIC = NO;
				GCC_NO_COMMON_BLOCKS = YES;
				GCC_OPTIMIZATION_LEVEL = 0;
				GCC_PREPROCESSOR_DEFINITIONS = (
					"DEBUG=1",
					"$(inherited)",
				);
				GCC_WARN_64_TO_32_BIT_CONVERSION = YES;
				GCC_WARN_ABOUT_RETURN_TYPE = YES_ERROR;
				GCC_WARN_UNDECLARED_SELECTOR = YES;
				GCC_WARN_UNINITIALIZED_AUTOS = YES_AGGRESSIVE;
				GCC_WARN_UNUSED_FUNCTION = YES;
				GCC_WARN_UNUSED_VARIABLE = YES;
				IPHONEOS_DEPLOYMENT_TARGET = 9.0;
				MTL_ENABLE_DEBUG_INFO = YES;
				ONLY_ACTIVE_ARCH = YES;
				SDKROOT = iphoneos;
				TARGETED_DEVICE_FAMILY = "1,2";
			};
			name = Debug;
		};
		842E56611BC91DF3000B876F /* Release */ = {
			isa = XCBuildConfiguration;
			buildSettings = {
				ALWAYS_SEARCH_USER_PATHS = NO;
				CLANG_CXX_LANGUAGE_STANDARD = "gnu++0x";
				CLANG_CXX_LIBRARY = "libc++";
				CLANG_ENABLE_MODULES = YES;
				CLANG_ENABLE_OBJC_ARC = YES;
				CLANG_WARN_BOOL_CONVERSION = YES;
				CLANG_WARN_CONSTANT_CONVERSION = YES;
				CLANG_WARN_DIRECT_OBJC_ISA_USAGE = YES_ERROR;
				CLANG_WARN_EMPTY_BODY = YES;
				CLANG_WARN_ENUM_CONVERSION = YES;
				CLANG_WARN_INT_CONVERSION = YES;
				CLANG_WARN_OBJC_ROOT_CLASS = YES_ERROR;
				CLANG_WARN_UNREACHABLE_CODE = YES;
				CLANG_WARN__DUPLICATE_METHOD_MATCH = YES;
				"CODE_SIGN_IDENTITY[sdk=iphoneos*]" = "iPhone Developer";
				COPY_PHASE_STRIP = NO;
				DEBUG_INFORMATION_FORMAT = "dwarf-with-dsym";
				ENABLE_NS_ASSERTIONS = NO;
				ENABLE_STRICT_OBJC_MSGSEND = YES;
				GCC_C_LANGUAGE_STANDARD = gnu99;
				GCC_NO_COMMON_BLOCKS = YES;
				GCC_WARN_64_TO_32_BIT_CONVERSION = YES;
				GCC_WARN_ABOUT_RETURN_TYPE = YES_ERROR;
				GCC_WARN_UNDECLARED_SELECTOR = YES;
				GCC_WARN_UNINITIALIZED_AUTOS = YES_AGGRESSIVE;
				GCC_WARN_UNUSED_FUNCTION = YES;
				GCC_WARN_UNUSED_VARIABLE = YES;
				IPHONEOS_DEPLOYMENT_TARGET = 9.0;
				MTL_ENABLE_DEBUG_INFO = NO;
				SDKROOT = iphoneos;
				TARGETED_DEVICE_FAMILY = "1,2";
				VALIDATE_PRODUCT = YES;
			};
			name = Release;
		};
		842E56631BC91DF3000B876F /* Debug */ = {
			isa = XCBuildConfiguration;
			buildSettings = {
				ASSETCATALOG_COMPILER_APPICON_NAME = AppIcon;
				INFOPLIST_FILE = Calculyator/Info.plist;
				LD_RUNPATH_SEARCH_PATHS = "$(inherited) @executable_path/Frameworks";
				PRODUCT_BUNDLE_IDENTIFIER = com.vaulttec.Calculyator;
				PRODUCT_NAME = "$(TARGET_NAME)";
			};
			name = Debug;
		};
		842E56641BC91DF3000B876F /* Release */ = {
			isa = XCBuildConfiguration;
			buildSettings = {
				ASSETCATALOG_COMPILER_APPICON_NAME = AppIcon;
				INFOPLIST_FILE = Calculyator/Info.plist;
				LD_RUNPATH_SEARCH_PATHS = "$(inherited) @executable_path/Frameworks";
				PRODUCT_BUNDLE_IDENTIFIER = com.vaulttec.Calculyator;
				PRODUCT_NAME = "$(TARGET_NAME)";
			};
			name = Release;
		};
/* End XCBuildConfiguration section */

/* Begin XCConfigurationList section */
		842E56461BC91DF2000B876F /* Build configuration list for PBXProject "Calculyator" */ = {
			isa = XCConfigurationList;
			buildConfigurations = (
				842E56601BC91DF3000B876F /* Debug */,
				842E56611BC91DF3000B876F /* Release */,
			);
			defaultConfigurationIsVisible = 0;
			defaultConfigurationName = Release;
		};
		842E56621BC91DF3000B876F /* Build configuration list for PBXNativeTarget "Calculyator" */ = {
			isa = XCConfigurationList;
			buildConfigurations = (
				842E56631BC91DF3000B876F /* Debug */,
				842E56641BC91DF3000B876F /* Release */,
			);
			defaultConfigurationIsVisible = 0;
			defaultConfigurationName = Release;
		};
/* End XCConfigurationList section */
	};
	rootObject = 842E56431BC91DF2000B876F /* Project object */;
}
